
Microsoft Visual Studio Solution File, Format Version 12.00
# Visual Studio 2012
Project("{FAE04EC0-301F-11D3-BF4B-00C04F79EFBC}") = "Algorithms", "Algorithms\Algorithms.csproj", "{D5B0200A-4059-48CD-9666-2468945AFD19}"
EndProject
Global
	GlobalSection(SolutionConfigurationPlatforms) = preSolution
		Debug|x86 = Debug|x86
		Release|x86 = Release|x86
	EndGlobalSection
	GlobalSection(ProjectConfigurationPlatforms) = postSolution
		{D5B0200A-4059-48CD-9666-2468945AFD19}.Debug|x86.ActiveCfg = Debug|x86
		{D5B0200A-4059-48CD-9666-2468945AFD19}.Debug|x86.Build.0 = Debug|x86
		{D5B0200A-4059-48CD-9666-2468945AFD19}.Release|x86.ActiveCfg = Release|x86
		{D5B0200A-4059-48CD-9666-2468945AFD19}.Release|x86.Build.0 = Release|x86
	EndGlobalSection
EndGlobal
